# This file is generated by running "yarn install" inside your project.
# Manual changes might be lost - proceed with caution!

__metadata:
  version: 4
  cacheKey: 7

"abort-controller@npm:^3.0.0":
  version: 3.0.0
  resolution: "abort-controller@npm:3.0.0"
  dependencies:
    event-target-shim: ^5.0.0
  checksum: cc53ad8df9a6de3f55d4f804fca5106908f855e47b572fb5ab3cdd723b76374686dcefa557a2f87d4396db77e31bc0e6ce9d48637388cef6d884c29ad2691448
  languageName: node
  linkType: hard

"axios@npm:^0.21.1":
  version: 0.21.1
  resolution: "axios@npm:0.21.1"
  dependencies:
    follow-redirects: ^1.10.0
  checksum: 864fb7b5d077d236737f10adca53bf451a93f35a15271f56fba8da07265a02d26b7d881b935a6697dc6adb0549ea3e56d2eecb403edaa3bb78f6479901c10f69
  languageName: node
  linkType: hard

"debug@npm:^4.3.1":
  version: 4.3.2
  resolution: "debug@npm:4.3.2"
  dependencies:
    ms: 2.1.2
  peerDependenciesMeta:
    supports-color:
      optional: true
  checksum: 5543570879e2274f6725d4285a034d6e0822d35faefc6f55965933fb440e8c21eb3a0bef934e66f4b6b491f898ee2de37cab980e9d4fd61372136c19d3ce4527
  languageName: node
  linkType: hard

"event-target-shim@npm:^5.0.0":
  version: 5.0.1
  resolution: "event-target-shim@npm:5.0.1"
  checksum: d176477a31adf328ff50148886e46cef3f61ff8bdc1d6db161f6b3ead2501085d5652a81fab8dddc59aed93727231c0b5c8a0948de77ae401b2d977a3d18329e
  languageName: node
  linkType: hard

"follow-redirects@npm:^1.10.0":
  version: 1.13.1
  resolution: "follow-redirects@npm:1.13.1"
  peerDependenciesMeta:
    debug:
      optional: true
  checksum: c7c6c905876b939af04a1b27afa70e9c0ab5015d96f5ee49dd80db6952dc8c960b96a229647504468615d8a1a400da9bec9449e2aea9f9c6da6fdca0ba17d4c2
  languageName: node
  linkType: hard

"freestuff-bot-telegram@workspace:.":
  version: 0.0.0-use.local
  resolution: "freestuff-bot-telegram@workspace:."
  dependencies:
    freestuff: ^1.4.1
    telegraf: ^4.0.1
  languageName: unknown
  linkType: soft

"freestuff@npm:^1.4.1":
  version: 1.4.1
  resolution: "freestuff@npm:1.4.1"
  dependencies:
    axios: ^0.21.1
  checksum: a2236507f0c7c2508de8247c39c1a61f9e93bac29fa3f15c496b7f38f78c863e26cc83024e2c635f12f4a1a80640c35a0630e5d64f8755190cae6387ab773f95
  languageName: node
  linkType: hard

"minimist@npm:^1.2.5":
  version: 1.2.5
  resolution: "minimist@npm:1.2.5"
  checksum: b77b8590147a4e217ff34266236bc39de23b52e6e33054076991ff674c7397a1380a7bde11111916f16f003a94aaa7e4f3d92595a32189644ff607fabc65a5b6
  languageName: node
  linkType: hard

"module-alias@npm:^2.2.2":
  version: 2.2.2
  resolution: "module-alias@npm:2.2.2"
  checksum: 1b37943df4fbe56799688eb3496f5113f7f1e18ff7a53bd3543e93fd4ee6c4b04e1548fc0cb49ae73e086b18ee712ab3321f6d7f5444cf413c638914decb8918
  languageName: node
  linkType: hard

"ms@npm:2.1.2":
  version: 2.1.2
  resolution: "ms@npm:2.1.2"
  checksum: 9b65fb709bc30c0c07289dcbdb61ca032acbb9ea5698b55fa62e2cebb04c5953f1876a1f3f7f4bc2e91d4bf4d86003f3e207c3bc6ee2f716f99827e62389cd0e
  languageName: node
  linkType: hard

"node-fetch@npm:^2.6.1":
  version: 2.6.1
  resolution: "node-fetch@npm:2.6.1"
  checksum: cbb171635e538162b977eac5dfe7a1e07a9a02e991924377a6435502291e2f823d306b95aabc455caebf4a118ccf836868462bc70ccc3095af02bb9da61fda37
  languageName: node
  linkType: hard

"p-timeout@npm:^4.1.0":
  version: 4.1.0
  resolution: "p-timeout@npm:4.1.0"
  checksum: 75363ceaadfd11bf3bd304bbfa6a0244f947f901b6c123533094cd177c1a11615be16dae025e390f4d4e11eac38638d2ca84c191d7a28f6f9ba9399add686f68
  languageName: node
  linkType: hard

"sandwich-stream@npm:^2.0.2":
  version: 2.0.2
  resolution: "sandwich-stream@npm:2.0.2"
  checksum: f88483282e71e6d887119d8726fdaee56914fcab9df99d4777de650188fb823df314237eb6d2938b3e93d04054a047e2f774c8667014e8f4582b086d0c060ce9
  languageName: node
  linkType: hard

"telegraf@npm:^4.0.1":
  version: 4.0.1
  resolution: "telegraf@npm:4.0.1"
  dependencies:
    abort-controller: ^3.0.0
    debug: ^4.3.1
    minimist: ^1.2.5
    module-alias: ^2.2.2
    node-fetch: ^2.6.1
    p-timeout: ^4.1.0
    sandwich-stream: ^2.0.2
    typegram: ^3.1.4
  bin:
    telegraf: bin/telegraf
  checksum: 2d74abb8d303f7a367a7cdd93ca3cfe2ca240f9e1d1344a8559eb03a3af985e1f3e7b74088fbe5f124e76bbe5b318158aaaccbd7ad845639d622521ad58510e1
  languageName: node
  linkType: hard

"typegram@npm:^3.1.4":
  version: 3.1.6
  resolution: "typegram@npm:3.1.6"
  checksum: 6e565a438ea5abe15fb3a0773951ad8f9a9da003cc091195321d9a27881e901c5faa99f6b50abfff4af2d48879e1232440550fe9d193759c1a2ec65100f9b942
  languageName: node
  linkType: hard
